
Microsoft Visual Studio Solution File, Format Version 12.00
# Visual Studio Version 16
VisualStudioVersion = 16.0.29613.14
MinimumVisualStudioVersion = 10.0.40219.1
Project("{FAE04EC0-301F-11D3-BF4B-00C04F79EFBC}") = "FabricMethod", "FabricMethod\FabricMethod.csproj", "{CBFA33B8-0890-471A-9444-2BE1A92FEDEB}"
EndProject
Global
	GlobalSection(SolutionConfigurationPlatforms) = preSolution
		Debug|Any CPU = Debug|Any CPU
		Release|Any CPU = Release|Any CPU
	EndGlobalSection
	GlobalSection(ProjectConfigurationPlatforms) = postSolution
		{CBFA33B8-0890-471A-9444-2BE1A92FEDEB}.Debug|Any CPU.ActiveCfg = Debug|Any CPU
		{CBFA33B8-0890-471A-9444-2BE1A92FEDEB}.Debug|Any CPU.Build.0 = Debug|Any CPU
		{CBFA33B8-0890-471A-9444-2BE1A92FEDEB}.Release|Any CPU.ActiveCfg = Release|Any CPU
		{CBFA33B8-0890-471A-9444-2BE1A92FEDEB}.Release|Any CPU.Build.0 = Release|Any CPU
	EndGlobalSection
	GlobalSection(SolutionProperties) = preSolution
		HideSolutionNode = FALSE
	EndGlobalSection
	GlobalSection(ExtensibilityGlobals) = postSolution
		SolutionGuid = {03A84DC4-76BD-4155-BD62-D240DEF9CF69}
	EndGlobalSection
EndGlobal
